
Microsoft Visual Studio Solution File, Format Version 12.00
# Visual Studio Version 16
VisualStudioVersion = 16.0.30406.217
MinimumVisualStudioVersion = 10.0.40219.1
Project("{2150E333-8FDC-42A3-9474-1A3956D46DE8}") = "Extern", "Extern", "{19C46279-A2EA-4356-A0C7-4D172B97FD2E}"
EndProject
Project("{9A19103F-16F7-4668-BE54-9A1E7A4F7556}") = "ServerLib", "ServerLib\ServerLib.csproj", "{6A13EE24-AE1A-4242-8F61-0E32F1E9E37D}"
EndProject
Project("{FAE04EC0-301F-11D3-BF4B-00C04F79EFBC}") = "Server", "Server\Server.csproj", "{4D97B8D8-3ED2-404C-8BE4-417B5BB588D2}"
	ProjectSection(ProjectDependencies) = postProject
		{72EED527-236E-4124-B360-54B25F0F9105} = {72EED527-236E-4124-B360-54B25F0F9105}
		{0496732B-0812-4E06-B7FE-212F2761EBAF} = {0496732B-0812-4E06-B7FE-212F2761EBAF}
		{95374A74-71DE-43B1-A3B6-F5DEC5887815} = {95374A74-71DE-43B1-A3B6-F5DEC5887815}
	EndProjectSection
EndProject
Project("{FAE04EC0-301F-11D3-BF4B-00C04F79EFBC}") = "ServerTests", "ServerTests\ServerTests.csproj", "{B1B84A00-DDC4-485A-A799-9FEC23BE43B9}"
EndProject
Project("{9A19103F-16F7-4668-BE54-9A1E7A4F7556}") = "DEModette", "Extern\odette\DEModette\DEModette.csproj", "{72EED527-236E-4124-B360-54B25F0F9105}"
EndProject
Project("{9A19103F-16F7-4668-BE54-9A1E7A4F7556}") = "DEMpowershell", "Extern\powershell\DEMpowershell\DEMpowershell.csproj", "{0496732B-0812-4E06-B7FE-212F2761EBAF}"
EndProject
Project("{FAE04EC0-301F-11D3-BF4B-00C04F79EFBC}") = "SimpleDbg", "SimpleDbg\SimpleDbg.csproj", "{95374A74-71DE-43B1-A3B6-F5DEC5887815}"
EndProject
Project("{9A19103F-16F7-4668-BE54-9A1E7A4F7556}") = "DESCore", "Extern\Core\DESCore\DESCore.csproj", "{90AF6FC3-6FB1-4482-81A4-2C54FD2F83A2}"
EndProject
Project("{2150E333-8FDC-42A3-9474-1A3956D46DE8}") = "Common", "Common", "{F472E4CF-2A58-4014-AD99-9E5EE1836B52}"
	ProjectSection(SolutionItems) = preProject
		Common\AssemblyInfoServer.template.cs = Common\AssemblyInfoServer.template.cs
		ReadMe.md = ReadMe.md
	EndProjectSection
EndProject
Project("{2150E333-8FDC-42A3-9474-1A3956D46DE8}") = "docs", "docs", "{075816AA-6B91-4BA9-AD94-08C7644E0E70}"
	ProjectSection(SolutionItems) = preProject
		docs\Actions.de.md = docs\Actions.de.md
		docs\Configuration.de.md = docs\Configuration.de.md
		docs\Env.IO.de.md = docs\Env.IO.de.md
		docs\Passwords.de.md = docs\Passwords.de.md
		docs\SecurityTokens.de.md = docs\SecurityTokens.de.md
		docs\Users.de.md = docs\Users.de.md
	EndProjectSection
EndProject
Project("{9A19103F-16F7-4668-BE54-9A1E7A4F7556}") = "DESacme", "Extern\acme\DESacme\DESacme.csproj", "{9C2BC118-1D96-4B0D-AFCC-209D40580863}"
EndProject
Project("{9A19103F-16F7-4668-BE54-9A1E7A4F7556}") = "DEModette.Core", "Extern\odette\DEModette.Core\DEModette.Core.csproj", "{F258336F-F547-446D-A22B-447508ADE9D1}"
EndProject
Project("{FAE04EC0-301F-11D3-BF4B-00C04F79EFBC}") = "DEModette.UI", "Extern\odette\DEModette.UI\DEModette.UI.csproj", "{5A122B58-690A-46F8-817B-DEC2378F5424}"
EndProject
Global
	GlobalSection(SolutionConfigurationPlatforms) = preSolution
		Debug|Any CPU = Debug|Any CPU
		Release|Any CPU = Release|Any CPU
	EndGlobalSection
	GlobalSection(ProjectConfigurationPlatforms) = postSolution
		{6A13EE24-AE1A-4242-8F61-0E32F1E9E37D}.Debug|Any CPU.ActiveCfg = Debug|Any CPU
		{6A13EE24-AE1A-4242-8F61-0E32F1E9E37D}.Debug|Any CPU.Build.0 = Debug|Any CPU
		{6A13EE24-AE1A-4242-8F61-0E32F1E9E37D}.Release|Any CPU.ActiveCfg = Release|Any CPU
		{6A13EE24-AE1A-4242-8F61-0E32F1E9E37D}.Release|Any CPU.Build.0 = Release|Any CPU
		{4D97B8D8-3ED2-404C-8BE4-417B5BB588D2}.Debug|Any CPU.ActiveCfg = Debug|Any CPU
		{4D97B8D8-3ED2-404C-8BE4-417B5BB588D2}.Debug|Any CPU.Build.0 = Debug|Any CPU
		{4D97B8D8-3ED2-404C-8BE4-417B5BB588D2}.Release|Any CPU.ActiveCfg = Release|Any CPU
		{4D97B8D8-3ED2-404C-8BE4-417B5BB588D2}.Release|Any CPU.Build.0 = Release|Any CPU
		{B1B84A00-DDC4-485A-A799-9FEC23BE43B9}.Debug|Any CPU.ActiveCfg = Debug|Any CPU
		{B1B84A00-DDC4-485A-A799-9FEC23BE43B9}.Debug|Any CPU.Build.0 = Debug|Any CPU
		{B1B84A00-DDC4-485A-A799-9FEC23BE43B9}.Release|Any CPU.ActiveCfg = Release|Any CPU
		{B1B84A00-DDC4-485A-A799-9FEC23BE43B9}.Release|Any CPU.Build.0 = Release|Any CPU
		{72EED527-236E-4124-B360-54B25F0F9105}.Debug|Any CPU.ActiveCfg = Debug|Any CPU
		{72EED527-236E-4124-B360-54B25F0F9105}.Debug|Any CPU.Build.0 = Debug|Any CPU
		{72EED527-236E-4124-B360-54B25F0F9105}.Release|Any CPU.ActiveCfg = Release|Any CPU
		{72EED527-236E-4124-B360-54B25F0F9105}.Release|Any CPU.Build.0 = Release|Any CPU
		{0496732B-0812-4E06-B7FE-212F2761EBAF}.Debug|Any CPU.ActiveCfg = Debug|Any CPU
		{0496732B-0812-4E06-B7FE-212F2761EBAF}.Debug|Any CPU.Build.0 = Debug|Any CPU
		{0496732B-0812-4E06-B7FE-212F2761EBAF}.Release|Any CPU.ActiveCfg = Release|Any CPU
		{0496732B-0812-4E06-B7FE-212F2761EBAF}.Release|Any CPU.Build.0 = Release|Any CPU
		{95374A74-71DE-43B1-A3B6-F5DEC5887815}.Debug|Any CPU.ActiveCfg = Debug|Any CPU
		{95374A74-71DE-43B1-A3B6-F5DEC5887815}.Debug|Any CPU.Build.0 = Debug|Any CPU
		{95374A74-71DE-43B1-A3B6-F5DEC5887815}.Release|Any CPU.ActiveCfg = Release|Any CPU
		{95374A74-71DE-43B1-A3B6-F5DEC5887815}.Release|Any CPU.Build.0 = Release|Any CPU
		{90AF6FC3-6FB1-4482-81A4-2C54FD2F83A2}.Debug|Any CPU.ActiveCfg = Debug|Any CPU
		{90AF6FC3-6FB1-4482-81A4-2C54FD2F83A2}.Debug|Any CPU.Build.0 = Debug|Any CPU
		{90AF6FC3-6FB1-4482-81A4-2C54FD2F83A2}.Release|Any CPU.ActiveCfg = Release|Any CPU
		{90AF6FC3-6FB1-4482-81A4-2C54FD2F83A2}.Release|Any CPU.Build.0 = Release|Any CPU
		{9C2BC118-1D96-4B0D-AFCC-209D40580863}.Debug|Any CPU.ActiveCfg = Debug|Any CPU
		{9C2BC118-1D96-4B0D-AFCC-209D40580863}.Debug|Any CPU.Build.0 = Debug|Any CPU
		{9C2BC118-1D96-4B0D-AFCC-209D40580863}.Release|Any CPU.ActiveCfg = Release|Any CPU
		{9C2BC118-1D96-4B0D-AFCC-209D40580863}.Release|Any CPU.Build.0 = Release|Any CPU
		{F258336F-F547-446D-A22B-447508ADE9D1}.Debug|Any CPU.ActiveCfg = Debug|Any CPU
		{F258336F-F547-446D-A22B-447508ADE9D1}.Debug|Any CPU.Build.0 = Debug|Any CPU
		{F258336F-F547-446D-A22B-447508ADE9D1}.Release|Any CPU.ActiveCfg = Release|Any CPU
		{F258336F-F547-446D-A22B-447508ADE9D1}.Release|Any CPU.Build.0 = Release|Any CPU
		{5A122B58-690A-46F8-817B-DEC2378F5424}.Debug|Any CPU.ActiveCfg = Debug|Any CPU
		{5A122B58-690A-46F8-817B-DEC2378F5424}.Debug|Any CPU.Build.0 = Debug|Any CPU
		{5A122B58-690A-46F8-817B-DEC2378F5424}.Release|Any CPU.ActiveCfg = Release|Any CPU
		{5A122B58-690A-46F8-817B-DEC2378F5424}.Release|Any CPU.Build.0 = Release|Any CPU
	EndGlobalSection
	GlobalSection(SolutionProperties) = preSolution
		HideSolutionNode = FALSE
	EndGlobalSection
	GlobalSection(NestedProjects) = preSolution
		{72EED527-236E-4124-B360-54B25F0F9105} = {19C46279-A2EA-4356-A0C7-4D172B97FD2E}
		{0496732B-0812-4E06-B7FE-212F2761EBAF} = {19C46279-A2EA-4356-A0C7-4D172B97FD2E}
		{90AF6FC3-6FB1-4482-81A4-2C54FD2F83A2} = {19C46279-A2EA-4356-A0C7-4D172B97FD2E}
		{075816AA-6B91-4BA9-AD94-08C7644E0E70} = {F472E4CF-2A58-4014-AD99-9E5EE1836B52}
		{9C2BC118-1D96-4B0D-AFCC-209D40580863} = {19C46279-A2EA-4356-A0C7-4D172B97FD2E}
		{F258336F-F547-446D-A22B-447508ADE9D1} = {19C46279-A2EA-4356-A0C7-4D172B97FD2E}
		{5A122B58-690A-46F8-817B-DEC2378F5424} = {19C46279-A2EA-4356-A0C7-4D172B97FD2E}
	EndGlobalSection
	GlobalSection(ExtensibilityGlobals) = postSolution
		SolutionGuid = {EC1BED07-4FD3-47AF-8C62-1B75DCE120AC}
	EndGlobalSection
EndGlobal
